
Microsoft Visual Studio Solution File, Format Version 12.00
# Visual Studio Version 16
VisualStudioVersion = 16.0.31729.503
MinimumVisualStudioVersion = 10.0.40219.1
Project("{FAE04EC0-301F-11D3-BF4B-00C04F79EFBC}") = "EShop.WebApp", "EShop.WebApp.csproj", "{37278069-B26E-40C7-B1EE-351865C61523}"
EndProject
Global
	GlobalSection(SolutionConfigurationPlatforms) = preSolution
		Debug|Any CPU = Debug|Any CPU
		Release|Any CPU = Release|Any CPU
	EndGlobalSection
	GlobalSection(ProjectConfigurationPlatforms) = postSolution
		{37278069-B26E-40C7-B1EE-351865C61523}.Debug|Any CPU.ActiveCfg = Debug|Any CPU
		{37278069-B26E-40C7-B1EE-351865C61523}.Debug|Any CPU.Build.0 = Debug|Any CPU
		{37278069-B26E-40C7-B1EE-351865C61523}.Release|Any CPU.ActiveCfg = Release|Any CPU
		{37278069-B26E-40C7-B1EE-351865C61523}.Release|Any CPU.Build.0 = Release|Any CPU
	EndGlobalSection
	GlobalSection(SolutionProperties) = preSolution
		HideSolutionNode = FALSE
	EndGlobalSection
	GlobalSection(ExtensibilityGlobals) = postSolution
		SolutionGuid = {3657584F-697A-42F0-9C55-E49CB034E663}
	EndGlobalSection
EndGlobal
